// !$*UTF8*$!
{
	archiveVersion = 1;
	classes = {
	};
	objectVersion = 50;
	objects = {

/* Begin PBXBuildFile section */
		1937AD9425C78DC400C54609 /* KeyEvent.swift in Sources */ = {isa = PBXBuildFile; fileRef = 1937AD9325C78DC400C54609 /* KeyEvent.swift */; };
		1937AD9C25C914B600C54609 /* CloseView.swift in Sources */ = {isa = PBXBuildFile; fileRef = 1937AD9B25C914B600C54609 /* CloseView.swift */; };
		1937ADA025C91BA700C54609 /* Expression.swift in Sources */ = {isa = PBXBuildFile; fileRef = 1937AD9F25C91BA700C54609 /* Expression.swift */; };
		1937ADA425C91BBF00C54609 /* AnyExpression.swift in Sources */ = {isa = PBXBuildFile; fileRef = 1937ADA325C91BBF00C54609 /* AnyExpression.swift */; };
		1937ADAD25C91FE500C54609 /* StringExtensions.swift in Sources */ = {isa = PBXBuildFile; fileRef = 1937ADAC25C91FE500C54609 /* StringExtensions.swift */; };
		1937ADB025C9853500C54609 /* DoubleExtensions.swift in Sources */ = {isa = PBXBuildFile; fileRef = 1937ADAF25C9853500C54609 /* DoubleExtensions.swift */; };
		198BC4BF25BEE6850000C441 /* AppDelegate.swift in Sources */ = {isa = PBXBuildFile; fileRef = 198BC4BE25BEE6850000C441 /* AppDelegate.swift */; };
		198BC4C125BEE6850000C441 /* ContentView.swift in Sources */ = {isa = PBXBuildFile; fileRef = 198BC4C025BEE6850000C441 /* ContentView.swift */; };
		198BC4C325BEE6860000C441 /* Assets.xcassets in Resources */ = {isa = PBXBuildFile; fileRef = 198BC4C225BEE6860000C441 /* Assets.xcassets */; };
		198BC4C625BEE6860000C441 /* Preview Assets.xcassets in Resources */ = {isa = PBXBuildFile; fileRef = 198BC4C525BEE6860000C441 /* Preview Assets.xcassets */; };
		198BC4C925BEE6860000C441 /* Main.storyboard in Resources */ = {isa = PBXBuildFile; fileRef = 198BC4C725BEE6860000C441 /* Main.storyboard */; };
		19BA39CA25C582110047664A /* ButtonExtensions.swift in Sources */ = {isa = PBXBuildFile; fileRef = 19BA39C925C582110047664A /* ButtonExtensions.swift */; };
		19BA39CE25C66C2B0047664A /* Key.swift in Sources */ = {isa = PBXBuildFile; fileRef = 19BA39CD25C66C2B0047664A /* Key.swift */; };
		19BA39D125C66C510047664A /* ColorExtensions.swift in Sources */ = {isa = PBXBuildFile; fileRef = 19BA39D025C66C510047664A /* ColorExtensions.swift */; };
		19DD5B0B25CC383800F990FD /* DateExtensions.swift in Sources */ = {isa = PBXBuildFile; fileRef = 19DD5B0A25CC383800F990FD /* DateExtensions.swift */; };
/* End PBXBuildFile section */

/* Begin PBXFileReference section */
		1937AD9325C78DC400C54609 /* KeyEvent.swift */ = {isa = PBXFileReference; lastKnownFileType = sourcecode.swift; path = KeyEvent.swift; sourceTree = "<group>"; };
		1937AD9B25C914B600C54609 /* CloseView.swift */ = {isa = PBXFileReference; lastKnownFileType = sourcecode.swift; path = CloseView.swift; sourceTree = "<group>"; };
		1937AD9F25C91BA700C54609 /* Expression.swift */ = {isa = PBXFileReference; lastKnownFileType = sourcecode.swift; path = Expression.swift; sourceTree = "<group>"; };
		1937ADA325C91BBF00C54609 /* AnyExpression.swift */ = {isa = PBXFileReference; lastKnownFileType = sourcecode.swift; path = AnyExpression.swift; sourceTree = "<group>"; };
		1937ADAC25C91FE500C54609 /* StringExtensions.swift */ = {isa = PBXFileReference; lastKnownFileType = sourcecode.swift; path = StringExtensions.swift; sourceTree = "<group>"; };
		1937ADAF25C9853500C54609 /* DoubleExtensions.swift */ = {isa = PBXFileReference; lastKnownFileType = sourcecode.swift; path = DoubleExtensions.swift; sourceTree = "<group>"; };
		198BC4BB25BEE6850000C441 /* Calc.app */ = {isa = PBXFileReference; explicitFileType = wrapper.application; includeInIndex = 0; path = Calc.app; sourceTree = BUILT_PRODUCTS_DIR; };
		198BC4BE25BEE6850000C441 /* AppDelegate.swift */ = {isa = PBXFileReference; lastKnownFileType = sourcecode.swift; path = AppDelegate.swift; sourceTree = "<group>"; };
		198BC4C025BEE6850000C441 /* ContentView.swift */ = {isa = PBXFileReference; lastKnownFileType = sourcecode.swift; path = ContentView.swift; sourceTree = "<group>"; };
		198BC4C225BEE6860000C441 /* Assets.xcassets */ = {isa = PBXFileReference; lastKnownFileType = folder.assetcatalog; path = Assets.xcassets; sourceTree = "<group>"; };
		198BC4C525BEE6860000C441 /* Preview Assets.xcassets */ = {isa = PBXFileReference; lastKnownFileType = folder.assetcatalog; path = "Preview Assets.xcassets"; sourceTree = "<group>"; };
		198BC4C825BEE6860000C441 /* Base */ = {isa = PBXFileReference; lastKnownFileType = file.storyboard; name = Base; path = Base.lproj/Main.storyboard; sourceTree = "<group>"; };
		198BC4CA25BEE6860000C441 /* Info.plist */ = {isa = PBXFileReference; lastKnownFileType = text.plist.xml; path = Info.plist; sourceTree = "<group>"; };
		198BC4CB25BEE6860000C441 /* Calc.entitlements */ = {isa = PBXFileReference; lastKnownFileType = text.plist.entitlements; path = Calc.entitlements; sourceTree = "<group>"; };
		19BA39C925C582110047664A /* ButtonExtensions.swift */ = {isa = PBXFileReference; lastKnownFileType = sourcecode.swift; path = ButtonExtensions.swift; sourceTree = "<group>"; };
		19BA39CD25C66C2B0047664A /* Key.swift */ = {isa = PBXFileReference; lastKnownFileType = sourcecode.swift; path = Key.swift; sourceTree = "<group>"; };
		19BA39D025C66C510047664A /* ColorExtensions.swift */ = {isa = PBXFileReference; lastKnownFileType = sourcecode.swift; path = ColorExtensions.swift; sourceTree = "<group>"; };
		19DD5B0A25CC383800F990FD /* DateExtensions.swift */ = {isa = PBXFileReference; lastKnownFileType = sourcecode.swift; path = DateExtensions.swift; sourceTree = "<group>"; };
/* End PBXFileReference section */

/* Begin PBXFrameworksBuildPhase section */
		198BC4B825BEE6850000C441 /* Frameworks */ = {
			isa = PBXFrameworksBuildPhase;
			buildActionMask = 2147483647;
			files = (
			);
			runOnlyForDeploymentPostprocessing = 0;
		};
/* End PBXFrameworksBuildPhase section */

/* Begin PBXGroup section */
		1937AD9925C7BFD500C54609 /* Extensions */ = {
			isa = PBXGroup;
			children = (
				19BA39D025C66C510047664A /* ColorExtensions.swift */,
				19BA39C925C582110047664A /* ButtonExtensions.swift */,
				1937ADAC25C91FE500C54609 /* StringExtensions.swift */,
				1937ADAF25C9853500C54609 /* DoubleExtensions.swift */,
				19DD5B0A25CC383800F990FD /* DateExtensions.swift */,
			);
			path = Extensions;
			sourceTree = "<group>";
		};
		1937AD9E25C91B8400C54609 /* Expression */ = {
			isa = PBXGroup;
			children = (
				1937AD9F25C91BA700C54609 /* Expression.swift */,
				1937ADA325C91BBF00C54609 /* AnyExpression.swift */,
			);
			path = Expression;
			sourceTree = "<group>";
		};
		198BC4B225BEE6850000C441 = {
			isa = PBXGroup;
			children = (
				198BC4BD25BEE6850000C441 /* Calc */,
				198BC4BC25BEE6850000C441 /* Products */,
			);
			sourceTree = "<group>";
		};
		198BC4BC25BEE6850000C441 /* Products */ = {
			isa = PBXGroup;
			children = (
				198BC4BB25BEE6850000C441 /* Calc.app */,
			);
			name = Products;
			sourceTree = "<group>";
		};
		198BC4BD25BEE6850000C441 /* Calc */ = {
			isa = PBXGroup;
			children = (
				1937AD9E25C91B8400C54609 /* Expression */,
				1937AD9925C7BFD500C54609 /* Extensions */,
				19BA39CC25C66C1C0047664A /* View */,
				198BC4BE25BEE6850000C441 /* AppDelegate.swift */,
				1937AD9325C78DC400C54609 /* KeyEvent.swift */,
				198BC4C225BEE6860000C441 /* Assets.xcassets */,
				198BC4C725BEE6860000C441 /* Main.storyboard */,
				198BC4CA25BEE6860000C441 /* Info.plist */,
				198BC4CB25BEE6860000C441 /* Calc.entitlements */,
				198BC4C425BEE6860000C441 /* Preview Content */,
			);
			path = Calc;
			sourceTree = "<group>";
		};
		198BC4C425BEE6860000C441 /* Preview Content */ = {
			isa = PBXGroup;
			children = (
				198BC4C525BEE6860000C441 /* Preview Assets.xcassets */,
			);
			path = "Preview Content";
			sourceTree = "<group>";
		};
		19BA39CC25C66C1C0047664A /* View */ = {
			isa = PBXGroup;
			children = (
				198BC4C025BEE6850000C441 /* ContentView.swift */,
				19BA39CD25C66C2B0047664A /* Key.swift */,
				1937AD9B25C914B600C54609 /* CloseView.swift */,
			);
			path = View;
			sourceTree = "<group>";
		};
/* End PBXGroup section */

/* Begin PBXNativeTarget section */
		198BC4BA25BEE6850000C441 /* Calc */ = {
			isa = PBXNativeTarget;
			buildConfigurationList = 198BC4CE25BEE6860000C441 /* Build configuration list for PBXNativeTarget "Calc" */;
			buildPhases = (
				198BC4B725BEE6850000C441 /* Sources */,
				198BC4B825BEE6850000C441 /* Frameworks */,
				198BC4B925BEE6850000C441 /* Resources */,
			);
			buildRules = (
			);
			dependencies = (
			);
			name = Calc;
			productName = Calc;
			productReference = 198BC4BB25BEE6850000C441 /* Calc.app */;
			productType = "com.apple.product-type.application";
		};
/* End PBXNativeTarget section */

/* Begin PBXProject section */
		198BC4B325BEE6850000C441 /* Project object */ = {
			isa = PBXProject;
			attributes = {
				LastSwiftUpdateCheck = 1230;
				LastUpgradeCheck = 1230;
				TargetAttributes = {
					198BC4BA25BEE6850000C441 = {
						CreatedOnToolsVersion = 12.3;
					};
				};
			};
			buildConfigurationList = 198BC4B625BEE6850000C441 /* Build configuration list for PBXProject "Calc" */;
			compatibilityVersion = "Xcode 9.3";
			developmentRegion = en;
			hasScannedForEncodings = 0;
			knownRegions = (
				en,
				Base,
			);
			mainGroup = 198BC4B225BEE6850000C441;
			productRefGroup = 198BC4BC25BEE6850000C441 /* Products */;
			projectDirPath = "";
			projectRoot = "";
			targets = (
				198BC4BA25BEE6850000C441 /* Calc */,
			);
		};
/* End PBXProject section */

/* Begin PBXResourcesBuildPhase section */
		198BC4B925BEE6850000C441 /* Resources */ = {
			isa = PBXResourcesBuildPhase;
			buildActionMask = 2147483647;
			files = (
				198BC4C925BEE6860000C441 /* Main.storyboard in Resources */,
				198BC4C625BEE6860000C441 /* Preview Assets.xcassets in Resources */,
				198BC4C325BEE6860000C441 /* Assets.xcassets in Resources */,
			);
			runOnlyForDeploymentPostprocessing = 0;
		};
/* End PBXResourcesBuildPhase section */

/* Begin PBXSourcesBuildPhase section */
		198BC4B725BEE6850000C441 /* Sources */ = {
			isa = PBXSourcesBuildPhase;
			buildActionMask = 2147483647;
			files = (
				1937ADA425C91BBF00C54609 /* AnyExpression.swift in Sources */,
				1937AD9425C78DC400C54609 /* KeyEvent.swift in Sources */,
				1937ADAD25C91FE500C54609 /* StringExtensions.swift in Sources */,
				198BC4C125BEE6850000C441 /* ContentView.swift in Sources */,
				1937AD9C25C914B600C54609 /* CloseView.swift in Sources */,
				19DD5B0B25CC383800F990FD /* DateExtensions.swift in Sources */,
				1937ADA025C91BA700C54609 /* Expression.swift in Sources */,
				19BA39D125C66C510047664A /* ColorExtensions.swift in Sources */,
				19BA39CE25C66C2B0047664A /* Key.swift in Sources */,
				19BA39CA25C582110047664A /* ButtonExtensions.swift in Sources */,
				198BC4BF25BEE6850000C441 /* AppDelegate.swift in Sources */,
				1937ADB025C9853500C54609 /* DoubleExtensions.swift in Sources */,
			);
			runOnlyForDeploymentPostprocessing = 0;
		};
/* End PBXSourcesBuildPhase section */

/* Begin PBXVariantGroup section */
		198BC4C725BEE6860000C441 /* Main.storyboard */ = {
			isa = PBXVariantGroup;
			children = (
				198BC4C825BEE6860000C441 /* Base */,
			);
			name = Main.storyboard;
			sourceTree = "<group>";
		};
/* End PBXVariantGroup section */

/* Begin XCBuildConfiguration section */
		198BC4CC25BEE6860000C441 /* Debug */ = {
			isa = XCBuildConfiguration;
			buildSettings = {
				ALWAYS_SEARCH_USER_PATHS = NO;
				CLANG_ANALYZER_NONNULL = YES;
				CLANG_ANALYZER_NUMBER_OBJECT_CONVERSION = YES_AGGRESSIVE;
				CLANG_CXX_LANGUAGE_STANDARD = "gnu++14";
				CLANG_CXX_LIBRARY = "libc++";
				CLANG_ENABLE_MODULES = YES;
				CLANG_ENABLE_OBJC_ARC = YES;
				CLANG_ENABLE_OBJC_WEAK = YES;
				CLANG_WARN_BLOCK_CAPTURE_AUTORELEASING = YES;
				CLANG_WARN_BOOL_CONVERSION = YES;
				CLANG_WARN_COMMA = YES;
				CLANG_WARN_CONSTANT_CONVERSION = YES;
				CLANG_WARN_DEPRECATED_OBJC_IMPLEMENTATIONS = YES;
				CLANG_WARN_DIRECT_OBJC_ISA_USAGE = YES_ERROR;
				CLANG_WARN_DOCUMENTATION_COMMENTS = YES;
				CLANG_WARN_EMPTY_BODY = YES;
				CLANG_WARN_ENUM_CONVERSION = YES;
				CLANG_WARN_INFINITE_RECURSION = YES;
				CLANG_WARN_INT_CONVERSION = YES;
				CLANG_WARN_NON_LITERAL_NULL_CONVERSION = YES;
				CLANG_WARN_OBJC_IMPLICIT_RETAIN_SELF = YES;
				CLANG_WARN_OBJC_LITERAL_CONVERSION = YES;
				CLANG_WARN_OBJC_ROOT_CLASS = YES_ERROR;
				CLANG_WARN_QUOTED_INCLUDE_IN_FRAMEWORK_HEADER = YES;
				CLANG_WARN_RANGE_LOOP_ANALYSIS = YES;
				CLANG_WARN_STRICT_PROTOTYPES = YES;
				CLANG_WARN_SUSPICIOUS_MOVE = YES;
				CLANG_WARN_UNGUARDED_AVAILABILITY = YES_AGGRESSIVE;
				CLANG_WARN_UNREACHABLE_CODE = YES;
				CLANG_WARN__DUPLICATE_METHOD_MATCH = YES;
				COPY_PHASE_STRIP = NO;
				DEBUG_INFORMATION_FORMAT = dwarf;
				ENABLE_STRICT_OBJC_MSGSEND = YES;
				ENABLE_TESTABILITY = YES;
				GCC_C_LANGUAGE_STANDARD = gnu11;
				GCC_DYNAMIC_NO_PIC = NO;
				GCC_NO_COMMON_BLOCKS = YES;
				GCC_OPTIMIZATION_LEVEL = 0;
				GCC_PREPROCESSOR_DEFINITIONS = (
					"DEBUG=1",
					"$(inherited)",
				);
				GCC_WARN_64_TO_32_BIT_CONVERSION = YES;
				GCC_WARN_ABOUT_RETURN_TYPE = YES_ERROR;
				GCC_WARN_UNDECLARED_SELECTOR = YES;
				GCC_WARN_UNINITIALIZED_AUTOS = YES_AGGRESSIVE;
				GCC_WARN_UNUSED_FUNCTION = YES;
				GCC_WARN_UNUSED_VARIABLE = YES;
				MACOSX_DEPLOYMENT_TARGET = 11.1;
				MTL_ENABLE_DEBUG_INFO = INCLUDE_SOURCE;
				MTL_FAST_MATH = YES;
				ONLY_ACTIVE_ARCH = YES;
				SDKROOT = macosx;
				SWIFT_ACTIVE_COMPILATION_CONDITIONS = DEBUG;
				SWIFT_OPTIMIZATION_LEVEL = "-Onone";
			};
			name = Debug;
		};
		198BC4CD25BEE6860000C441 /* Release */ = {
			isa = XCBuildConfiguration;
			buildSettings = {
				ALWAYS_SEARCH_USER_PATHS = NO;
				CLANG_ANALYZER_NONNULL = YES;
				CLANG_ANALYZER_NUMBER_OBJECT_CONVERSION = YES_AGGRESSIVE;
				CLANG_CXX_LANGUAGE_STANDARD = "gnu++14";
				CLANG_CXX_LIBRARY = "libc++";
				CLANG_ENABLE_MODULES = YES;
				CLANG_ENABLE_OBJC_ARC = YES;
				CLANG_ENABLE_OBJC_WEAK = YES;
				CLANG_WARN_BLOCK_CAPTURE_AUTORELEASING = YES;
				CLANG_WARN_BOOL_CONVERSION = YES;
				CLANG_WARN_COMMA = YES;
				CLANG_WARN_CONSTANT_CONVERSION = YES;
				CLANG_WARN_DEPRECATED_OBJC_IMPLEMENTATIONS = YES;
				CLANG_WARN_DIRECT_OBJC_ISA_USAGE = YES_ERROR;
				CLANG_WARN_DOCUMENTATION_COMMENTS = YES;
				CLANG_WARN_EMPTY_BODY = YES;
				CLANG_WARN_ENUM_CONVERSION = YES;
				CLANG_WARN_INFINITE_RECURSION = YES;
				CLANG_WARN_INT_CONVERSION = YES;
				CLANG_WARN_NON_LITERAL_NULL_CONVERSION = YES;
				CLANG_WARN_OBJC_IMPLICIT_RETAIN_SELF = YES;
				CLANG_WARN_OBJC_LITERAL_CONVERSION = YES;
				CLANG_WARN_OBJC_ROOT_CLASS = YES_ERROR;
				CLANG_WARN_QUOTED_INCLUDE_IN_FRAMEWORK_HEADER = YES;
				CLANG_WARN_RANGE_LOOP_ANALYSIS = YES;
				CLANG_WARN_STRICT_PROTOTYPES = YES;
				CLANG_WARN_SUSPICIOUS_MOVE = YES;
				CLANG_WARN_UNGUARDED_AVAILABILITY = YES_AGGRESSIVE;
				CLANG_WARN_UNREACHABLE_CODE = YES;
				CLANG_WARN__DUPLICATE_METHOD_MATCH = YES;
				COPY_PHASE_STRIP = NO;
				DEBUG_INFORMATION_FORMAT = "dwarf-with-dsym";
				ENABLE_NS_ASSERTIONS = NO;
				ENABLE_STRICT_OBJC_MSGSEND = YES;
				GCC_C_LANGUAGE_STANDARD = gnu11;
				GCC_NO_COMMON_BLOCKS = YES;
				GCC_WARN_64_TO_32_BIT_CONVERSION = YES;
				GCC_WARN_ABOUT_RETURN_TYPE = YES_ERROR;
				GCC_WARN_UNDECLARED_SELECTOR = YES;
				GCC_WARN_UNINITIALIZED_AUTOS = YES_AGGRESSIVE;
				GCC_WARN_UNUSED_FUNCTION = YES;
				GCC_WARN_UNUSED_VARIABLE = YES;
				MACOSX_DEPLOYMENT_TARGET = 11.1;
				MTL_ENABLE_DEBUG_INFO = NO;
				MTL_FAST_MATH = YES;
				SDKROOT = macosx;
				SWIFT_COMPILATION_MODE = wholemodule;
				SWIFT_OPTIMIZATION_LEVEL = "-O";
			};
			name = Release;
		};
		198BC4CF25BEE6860000C441 /* Debug */ = {
			isa = XCBuildConfiguration;
			buildSettings = {
				ASSETCATALOG_COMPILER_APPICON_NAME = AppIcon;
				ASSETCATALOG_COMPILER_GLOBAL_ACCENT_COLOR_NAME = AccentColor;
				CODE_SIGN_ENTITLEMENTS = Calc/Calc.entitlements;
				CODE_SIGN_STYLE = Automatic;
				COMBINE_HIDPI_IMAGES = YES;
				DEVELOPMENT_ASSET_PATHS = "\"Calc/Preview Content\"";
				DEVELOPMENT_TEAM = 89944GJ9HX;
				ENABLE_HARDENED_RUNTIME = YES;
				ENABLE_PREVIEWS = YES;
				INFOPLIST_FILE = Calc/Info.plist;
				LD_RUNPATH_SEARCH_PATHS = (
					"$(inherited)",
					"@executable_path/../Frameworks",
				);
				MACOSX_DEPLOYMENT_TARGET = 11.0;
				PRODUCT_BUNDLE_IDENTIFIER = kakeru.Calc;
				PRODUCT_NAME = "$(TARGET_NAME)";
				SWIFT_VERSION = 5.0;
			};
			name = Debug;
		};
		198BC4D025BEE6860000C441 /* Release */ = {
			isa = XCBuildConfiguration;
			buildSettings = {
				ASSETCATALOG_COMPILER_APPICON_NAME = AppIcon;
				ASSETCATALOG_COMPILER_GLOBAL_ACCENT_COLOR_NAME = AccentColor;
				CODE_SIGN_ENTITLEMENTS = Calc/Calc.entitlements;
				CODE_SIGN_STYLE = Automatic;
				COMBINE_HIDPI_IMAGES = YES;
				DEVELOPMENT_ASSET_PATHS = "\"Calc/Preview Content\"";
				DEVELOPMENT_TEAM = 89944GJ9HX;
				ENABLE_HARDENED_RUNTIME = YES;
				ENABLE_PREVIEWS = YES;
				INFOPLIST_FILE = Calc/Info.plist;
				LD_RUNPATH_SEARCH_PATHS = (
					"$(inherited)",
					"@executable_path/../Frameworks",
				);
				MACOSX_DEPLOYMENT_TARGET = 11.0;
				PRODUCT_BUNDLE_IDENTIFIER = kakeru.Calc;
				PRODUCT_NAME = "$(TARGET_NAME)";
				SWIFT_VERSION = 5.0;
			};
			name = Release;
		};
/* End XCBuildConfiguration section */

/* Begin XCConfigurationList section */
		198BC4B625BEE6850000C441 /* Build configuration list for PBXProject "Calc" */ = {
			isa = XCConfigurationList;
			buildConfigurations = (
				198BC4CC25BEE6860000C441 /* Debug */,
				198BC4CD25BEE6860000C441 /* Release */,
			);
			defaultConfigurationIsVisible = 0;
			defaultConfigurationName = Release;
		};
		198BC4CE25BEE6860000C441 /* Build configuration list for PBXNativeTarget "Calc" */ = {
			isa = XCConfigurationList;
			buildConfigurations = (
				198BC4CF25BEE6860000C441 /* Debug */,
				198BC4D025BEE6860000C441 /* Release */,
			);
			defaultConfigurationIsVisible = 0;
			defaultConfigurationName = Release;
		};
/* End XCConfigurationList section */
	};
	rootObject = 198BC4B325BEE6850000C441 /* Project object */;
}
